<?xml version="1.0" encoding="utf-8"?>
<Project ToolsVersion="4.0" xmlns="http://schemas.microsoft.com/developer/msbuild/2003">
  <ItemGroup>
    <Filter Include="Source Files">
      <UniqueIdentifier>{4FC737F1-C7A5-4376-A066-2A32D752A2FF}</UniqueIdentifier>
      <Extensions>cpp;c;cc;cxx;c++;cppm;ixx;def;odl;idl;hpj;bat;asm;asmx</Extensions>
    </Filter>
    <Filter Include="Header Files">
      <UniqueIdentifier>{93995380-89BD-4b04-88EB-625FBE52EBFB}</UniqueIdentifier>
      <Extensions>h;hh;hpp;hxx;h++;hm;inl;inc;ipp;xsd</Extensions>
    </Filter>
    <Filter Include="Resource Files">
      <UniqueIdentifier>{67DA6AB6-F800-4c08-8B7A-83BB121AAD01}</UniqueIdentifier>
      <Extensions>rc;ico;cur;bmp;dlg;rc2;rct;bin;rgs;gif;jpg;jpeg;jpe;resx;tiff;tif;png;wav;mfcribbon-ms</Extensions>
    </Filter>
    <Filter Include="Source Files\Shader Files">
      <UniqueIdentifier>{a8b5ff39-85c7-4196-b461-819f918ebb58}</UniqueIdentifier>
    </Filter>
  </ItemGroup>
  <ItemGroup>
    <ClCompile Include="main.cpp">
      <Filter>Source Files</Filter>
    </ClCompile>
    <ClCompile Include="PianoElements.cpp">
      <Filter>Source Files</Filter>
    </ClCompile>
    <ClCompile Include="TextureFunctions.cpp">
      <Filter>Source Files</Filter>
    </ClCompile>
    <ClCompile Include="CursorPositions.cpp">
      <Filter>Source Files</Filter>
    </ClCompile>
    <ClCompile Include="DrawingTool.cpp">
      <Filter>Source Files</Filter>
    </ClCompile>
    <ClCompile Include="SoundMaker.cpp">
      <Filter>Source Files</Filter>
    </ClCompile>
    <ClCompile Include="plugins\ikpMP3\decoder\bits.c">
      <Filter>Source Files</Filter>
    </ClCompile>
    <ClCompile Include="plugins\ikpMP3\decoder\mpaudec.c">
      <Filter>Source Files</Filter>
    </ClCompile>
    <ClCompile Include="plugins\ikpMP3\CIrrKlangAudioStreamLoaderMP3.cpp">
      <Filter>Source Files</Filter>
    </ClCompile>
    <ClCompile Include="plugins\ikpMP3\CIrrKlangAudioStreamMP3.cpp">
      <Filter>Source Files</Filter>
    </ClCompile>
    <ClCompile Include="plugins\ikpMP3\ikpMP3.cpp">
      <Filter>Source Files</Filter>
    </ClCompile>
    <ClCompile Include="GlfwFunctions.cpp">
      <Filter>Source Files</Filter>
    </ClCompile>
    <ClCompile Include="ShaderFunctions.cpp">
      <Filter>Source Files</Filter>
    </ClCompile>
  </ItemGroup>
  <ItemGroup>
    <None Include="packages.config" />
    <None Include="basic.frag">
      <Filter>Source Files\Shader Files</Filter>
    </None>
    <None Include="basic.vert">
      <Filter>Source Files\Shader Files</Filter>
    </None>
    <None Include="irrKlang.dll" />
    <None Include="bin\winx64-visualStudio\01.HelloWorld.exe" />
    <None Include="bin\winx64-visualStudio\02.3DSound.exe" />
    <None Include="bin\winx64-visualStudio\03.MemoryPlayback.exe" />
    <None Include="bin\winx64-visualStudio\04.OverrideFileAccess.exe" />
    <None Include="bin\winx64-visualStudio\05.Effects.exe" />
    <None Include="bin\winx64-visualStudio\06.Recording.exe" />
    <None Include="bin\winx64-visualStudio\ikpFlac.dll" />
    <None Include="bin\winx64-visualStudio\ikpMP3.dll" />
    <None Include="bin\winx64-visualStudio\irrKlang.dll" />
    <None Include="lib\Winx64-visualStudio\irrKlang.exp" />
    <None Include="ikpMP3.dll" />
  </ItemGroup>
  <ItemGroup>
    <ClInclude Include="PianoElements.h">
      <Filter>Header Files</Filter>
    </ClInclude>
    <ClInclude Include="TextureFunctions.h">
      <Filter>Header Files</Filter>
    </ClInclude>
    <ClInclude Include="CursorPositions.h">
      <Filter>Header Files</Filter>
    </ClInclude>
    <ClInclude Include="DrawingTool.h">
      <Filter>Header Files</Filter>
    </ClInclude>
    <ClInclude Include="SoundMaker.h">
      <Filter>Header Files</Filter>
    </ClInclude>
    <ClInclude Include="include\ik_ESoundEngineOptions.h">
      <Filter>Header Files</Filter>
    </ClInclude>
    <ClInclude Include="include\ik_ESoundOutputDrivers.h">
      <Filter>Header Files</Filter>
    </ClInclude>
    <ClInclude Include="include\ik_EStreamModes.h">
      <Filter>Header Files</Filter>
    </ClInclude>
    <ClInclude Include="include\ik_IAudioRecorder.h">
      <Filter>Header Files</Filter>
    </ClInclude>
    <ClInclude Include="include\ik_IAudioStream.h">
      <Filter>Header Files</Filter>
    </ClInclude>
    <ClInclude Include="include\ik_IAudioStreamLoader.h">
      <Filter>Header Files</Filter>
    </ClInclude>
    <ClInclude Include="include\ik_IFileFactory.h">
      <Filter>Header Files</Filter>
    </ClInclude>
    <ClInclude Include="include\ik_IFileReader.h">
      <Filter>Header Files</Filter>
    </ClInclude>
    <ClInclude Include="include\ik_IRefCounted.h">
      <Filter>Header Files</Filter>
    </ClInclude>
    <ClInclude Include="include\ik_irrKlangTypes.h">
      <Filter>Header Files</Filter>
    </ClInclude>
    <ClInclude Include="include\ik_ISound.h">
      <Filter>Header Files</Filter>
    </ClInclude>
    <ClInclude Include="include\ik_ISoundDeviceList.h">
      <Filter>Header Files</Filter>
    </ClInclude>
    <ClInclude Include="include\ik_ISoundEffectControl.h">
      <Filter>Header Files</Filter>
    </ClInclude>
    <ClInclude Include="include\ik_ISoundEngine.h">
      <Filter>Header Files</Filter>
    </ClInclude>
    <ClInclude Include="include\ik_ISoundMixedOutputReceiver.h">
      <Filter>Header Files</Filter>
    </ClInclude>
    <ClInclude Include="include\ik_ISoundSource.h">
      <Filter>Header Files</Filter>
    </ClInclude>
    <ClInclude Include="include\ik_ISoundStopEventReceiver.h">
      <Filter>Header Files</Filter>
    </ClInclude>
    <ClInclude Include="include\ik_IVirtualRefCounted.h">
      <Filter>Header Files</Filter>
    </ClInclude>
    <ClInclude Include="include\ik_SAudioStreamFormat.h">
      <Filter>Header Files</Filter>
    </ClInclude>
    <ClInclude Include="include\ik_vec3d.h">
      <Filter>Header Files</Filter>
    </ClInclude>
    <ClInclude Include="include\irrKlang.h">
      <Filter>Header Files</Filter>
    </ClInclude>
    <ClInclude Include="plugins\ikpMP3\decoder\internal.h">
      <Filter>Header Files</Filter>
    </ClInclude>
    <ClInclude Include="plugins\ikpMP3\decoder\mpaudec.h">
      <Filter>Header Files</Filter>
    </ClInclude>
    <ClInclude Include="plugins\ikpMP3\decoder\mpaudectab.h">
      <Filter>Header Files</Filter>
    </ClInclude>
    <ClInclude Include="plugins\ikpMP3\decoder\mpegaudio.h">
      <Filter>Header Files</Filter>
    </ClInclude>
    <ClInclude Include="plugins\ikpMP3\CIrrKlangAudioStreamLoaderMP3.h">
      <Filter>Header Files</Filter>
    </ClInclude>
    <ClInclude Include="plugins\ikpMP3\CIrrKlangAudioStreamMP3.h">
      <Filter>Header Files</Filter>
    </ClInclude>
    <ClInclude Include="GlfwFunctions.h">
      <Filter>Header Files</Filter>
    </ClInclude>
    <ClInclude Include="ShaderFunctions.h">
      <Filter>Header Files</Filter>
    </ClInclude>
  </ItemGroup>
  <ItemGroup>
    <Image Include="res\whiteKey.png">
      <Filter>Resource Files</Filter>
    </Image>
    <Image Include="res\blackKey.png">
      <Filter>Resource Files</Filter>
    </Image>
    <Image Include="res\pianoFrame.png">
      <Filter>Resource Files</Filter>
    </Image>
    <Image Include="res\emptySheet.png">
      <Filter>Resource Files</Filter>
    </Image>
    <Image Include="res\c.png">
      <Filter>Resource Files</Filter>
    </Image>
    <Image Include="res\a.png">
      <Filter>Resource Files</Filter>
    </Image>
    <Image Include="res\d.png">
      <Filter>Resource Files</Filter>
    </Image>
    <Image Include="res\e.png">
      <Filter>Resource Files</Filter>
    </Image>
    <Image Include="res\f.png">
      <Filter>Resource Files</Filter>
    </Image>
    <Image Include="res\g.png">
      <Filter>Resource Files</Filter>
    </Image>
    <Image Include="res\h.png">
      <Filter>Resource Files</Filter>
    </Image>
    <Image Include="res\pressedWhiteKey.png">
      <Filter>Resource Files</Filter>
    </Image>
    <Image Include="res\pressedBlackKey.png">
      <Filter>Resource Files</Filter>
    </Image>
    <Image Include="res\a#.png">
      <Filter>Resource Files</Filter>
    </Image>
    <Image Include="res\c#.png">
      <Filter>Resource Files</Filter>
    </Image>
    <Image Include="res\d#.png">
      <Filter>Resource Files</Filter>
    </Image>
    <Image Include="res\f#.png">
      <Filter>Resource Files</Filter>
    </Image>
    <Image Include="res\g#.png">
      <Filter>Resource Files</Filter>
    </Image>
    <Image Include="res\cursorNote.png">
      <Filter>Resource Files</Filter>
    </Image>
    <Image Include="res\cursorNoteResized.png">
      <Filter>Resource Files</Filter>
    </Image>
    <Image Include="res\pianoBackground.png">
      <Filter>Resource Files</Filter>
    </Image>
    <Image Include="res\0.png">
      <Filter>Resource Files</Filter>
    </Image>
    <Image Include="res\10.png">
      <Filter>Resource Files</Filter>
    </Image>
    <Image Include="res\20.png">
      <Filter>Resource Files</Filter>
    </Image>
    <Image Include="res\30.png">
      <Filter>Resource Files</Filter>
    </Image>
    <Image Include="res\40.png">
      <Filter>Resource Files</Filter>
    </Image>
    <Image Include="res\50.png">
      <Filter>Resource Files</Filter>
    </Image>
    <Image Include="res\60.png">
      <Filter>Resource Files</Filter>
    </Image>
    <Image Include="res\70.png">
      <Filter>Resource Files</Filter>
    </Image>
    <Image Include="res\80.png">
      <Filter>Resource Files</Filter>
    </Image>
    <Image Include="res\90.png">
      <Filter>Resource Files</Filter>
    </Image>
    <Image Include="res\100.png">
      <Filter>Resource Files</Filter>
    </Image>
    <Image Include="res\balrog.png">
      <Filter>Resource Files</Filter>
    </Image>
    <Image Include="res\flames.png">
      <Filter>Resource Files</Filter>
    </Image>
    <Image Include="res\texel_checker.png">
      <Filter>Resource Files</Filter>
    </Image>
    <Image Include="res\piano1.png">
      <Filter>Source Files</Filter>
    </Image>
    <Image Include="res\piano1Pressed.png">
      <Filter>Source Files</Filter>
    </Image>
    <Image Include="res\piano2.png">
      <Filter>Source Files</Filter>
    </Image>
    <Image Include="res\piano2Pressed.png">
      <Filter>Source Files</Filter>
    </Image>
    <Image Include="res\play.png">
      <Filter>Source Files</Filter>
    </Image>
    <Image Include="res\playPressed.png">
      <Filter>Source Files</Filter>
    </Image>
    <Image Include="res\record.png">
      <Filter>Source Files</Filter>
    </Image>
    <Image Include="res\recordPressed.png">
      <Filter>Source Files</Filter>
    </Image>
    <Image Include="res\stop.png">
      <Filter>Source Files</Filter>
    </Image>
    <Image Include="res\stopPressed.png">
      <Filter>Source Files</Filter>
    </Image>
    <Image Include="res\violin.png">
      <Filter>Source Files</Filter>
    </Image>
    <Image Include="res\violinPressed.png">
      <Filter>Source Files</Filter>
    </Image>
    <Image Include="res\smallNote.png">
      <Filter>Source Files</Filter>
    </Image>
    <Image Include="res\orchestraBackground.png">
      <Filter>Source Files</Filter>
    </Image>
  </ItemGroup>
  <ItemGroup>
    <Media Include="res\A3.mp3" />
    <Media Include="res\A4.mp3" />
    <Media Include="res\B3.mp3" />
    <Media Include="res\B4.mp3" />
    <Media Include="res\C3.mp3" />
    <Media Include="res\C4.mp3" />
    <Media Include="res\C5.mp3" />
    <Media Include="res\D3.mp3" />
    <Media Include="res\D4.mp3" />
    <Media Include="res\E3.mp3" />
    <Media Include="res\E4.mp3" />
    <Media Include="res\F3.mp3" />
    <Media Include="res\F4.mp3" />
    <Media Include="res\G3.mp3" />
    <Media Include="res\G4.mp3" />
    <Media Include="res\Db3.mp3" />
    <Media Include="res\Db4.mp3" />
    <Media Include="res\Ab3.mp3" />
    <Media Include="res\Ab4.mp3" />
    <Media Include="res\Bb3.mp3" />
    <Media Include="res\Bb4.mp3" />
    <Media Include="res\Gb3.mp3" />
    <Media Include="res\Gb4.mp3" />
    <Media Include="res\Eb3.mp3" />
    <Media Include="res\Eb4.mp3" />
    <Media Include="res\A6.mp3" />
    <Media Include="res\Ab6.mp3" />
    <Media Include="res\B6.mp3" />
    <Media Include="res\Bb6.mp3" />
    <Media Include="res\C6.mp3" />
    <Media Include="res\C7.mp3" />
    <Media Include="res\D6.mp3" />
    <Media Include="res\Db6.mp3" />
    <Media Include="res\E6.mp3" />
    <Media Include="res\Eb6.mp3" />
    <Media Include="res\F6.mp3" />
    <Media Include="res\G6.mp3" />
    <Media Include="res\Gb6.mp3" />
    <Media Include="res\A5.mp3" />
    <Media Include="res\Ab5.mp3" />
    <Media Include="res\B5.mp3" />
    <Media Include="res\Bb5.mp3" />
    <Media Include="res\D5.mp3" />
    <Media Include="res\Db5.mp3" />
    <Media Include="res\E5.mp3" />
    <Media Include="res\Eb5.mp3" />
    <Media Include="res\F5.mp3" />
    <Media Include="res\G5.mp3" />
    <Media Include="res\Gb5.mp3" />
    <Media Include="res\VA5.mp3">
      <Filter>Source Files</Filter>
    </Media>
    <Media Include="res\VA4.mp3">
      <Filter>Source Files</Filter>
    </Media>
    <Media Include="res\VG5.mp3">
      <Filter>Source Files</Filter>
    </Media>
    <Media Include="res\VD5.mp3">
      <Filter>Source Files</Filter>
    </Media>
    <Media Include="res\VC5.mp3">
      <Filter>Source Files</Filter>
    </Media>
    <Media Include="res\VC6.mp3">
      <Filter>Source Files</Filter>
    </Media>
    <Media Include="res\VD4.mp3">
      <Filter>Source Files</Filter>
    </Media>
    <Media Include="res\VC4.mp3">
      <Filter>Source Files</Filter>
    </Media>
    <Media Include="res\VE4.mp3">
      <Filter>Source Files</Filter>
    </Media>
    <Media Include="res\VE5.mp3">
      <Filter>Source Files</Filter>
    </Media>
    <Media Include="res\VF4.mp3">
      <Filter>Source Files</Filter>
    </Media>
    <Media Include="res\VF5.mp3">
      <Filter>Source Files</Filter>
    </Media>
    <Media Include="res\VG4.mp3">
      <Filter>Source Files</Filter>
    </Media>
    <Media Include="res\VB4.mp3">
      <Filter>Source Files</Filter>
    </Media>
    <Media Include="res\VB5.mp3">
      <Filter>Source Files</Filter>
    </Media>
    <Media Include="res\VEb5.mp3">
      <Filter>Source Files</Filter>
    </Media>
    <Media Include="res\VDb4.mp3">
      <Filter>Source Files</Filter>
    </Media>
    <Media Include="res\VDb5.mp3">
      <Filter>Source Files</Filter>
    </Media>
    <Media Include="res\VEb4.mp3">
      <Filter>Source Files</Filter>
    </Media>
    <Media Include="res\VGb4.mp3">
      <Filter>Source Files</Filter>
    </Media>
    <Media Include="res\VGb5.mp3">
      <Filter>Source Files</Filter>
    </Media>
    <Media Include="res\VAb4.mp3">
      <Filter>Source Files</Filter>
    </Media>
    <Media Include="res\VAb5.mp3">
      <Filter>Source Files</Filter>
    </Media>
    <Media Include="res\VBb5.mp3">
      <Filter>Source Files</Filter>
    </Media>
    <Media Include="res\VBb4.mp3">
      <Filter>Source Files</Filter>
    </Media>
  </ItemGroup>
  <ItemGroup>
    <Library Include="irrKlang.lib" />
    <Library Include="lib\Winx64-visualStudio\irrKlang.lib" />
  </ItemGroup>
  <ItemGroup>
    <Text Include="plugins\ikpMP3\license.txt" />
    <Text Include="plugins\ikpMP3\readme.txt" />
    <Text Include="results\file_durations.txt" />
  </ItemGroup>
</Project>